{
  "requires": true,
  "lockfileVersion": 1,
  "dependencies": {
    "howler": {
      "version": "2.1.1",
      "resolved": "https://registry.npmjs.org/howler/-/howler-2.1.1.tgz",
      "integrity": "sha512-9nwyDCGxhAGMmNXDfMLv0M/uS/WUg2//jG6t96D8DqbbsVZgXQzsP/ZMItbWO/Fqg7Gg69kOv3xVSDzJdd7aqA=="
    },
    "js-tokens": {
      "version": "4.0.0",
      "resolved": "https://registry.npmjs.org/js-tokens/-/js-tokens-4.0.0.tgz",
      "integrity": "sha512-RdJUflcE3cUzKiMqQgsCu06FPu9UdIJO0beYbPhHN4k6apgJtifcoCtT9bcxOpYBtpD2kCM6Sbzg4CausW/PKQ=="
    },
    "loose-envify": {
      "version": "1.4.0",
      "resolved": "https://registry.npmjs.org/loose-envify/-/loose-envify-1.4.0.tgz",
      "integrity": "sha512-lyuxPGr/Wfhrlem2CL/UcnUc1zcqKAImBDzukY7Y5F/yQiNdko6+fRLevlw1HgMySw7f611UIY408EtxRSoK3Q==",
      "requires": {
        "js-tokens": "^3.0.0 || ^4.0.0"
      }
    },
    "object-assign": {
      "version": "4.1.1",
      "resolved": "https://registry.npmjs.org/object-assign/-/object-assign-4.1.1.tgz",
      "integrity": "sha1-IQmtx5ZYh8/AXLvUQsrIv7s2CGM="
    },
    "prop-types": {
      "version": "15.7.2",
      "resolved": "https://registry.npmjs.org/prop-types/-/prop-types-15.7.2.tgz",
      "integrity": "sha512-8QQikdH7//R2vurIJSutZ1smHYTcLpRWEOlHnzcWHmBYrOGUysKwSsrC89BCiFj3CbrfJ/nXFdJepOVrY1GCHQ==",
      "requires": {
        "loose-envify": "^1.4.0",
        "object-assign": "^4.1.1",
        "react-is": "^16.8.1"
      }
    },
    "react-howler": {
      "version": "3.7.4",
      "resolved": "https://registry.npmjs.org/react-howler/-/react-howler-3.7.4.tgz",
      "integrity": "sha512-cQhzgIZd8wf6drtyjGJtT/9ShfN20jSyse+dGCPL9v5erz0pdusTQqGhuqFdVkNmYWfk2TQVck5w4nHqaCCyyg==",
      "requires": {
        "howler": "^2.1.1",
        "prop-types": "^15.5.6"
      }
    },
    "react-is": {
      "version": "16.8.2",
      "resolved": "https://registry.npmjs.org/react-is/-/react-is-16.8.2.tgz",
      "integrity": "sha512-D+NxhSR2HUCjYky1q1DwpNUD44cDpUXzSmmFyC3ug1bClcU/iDNy0YNn1iwme28fn+NFhpA13IndOd42CrFb+Q=="
    },
    "reactjs-popup": {
      "version": "1.3.2",
      "resolved": "https://registry.npmjs.org/reactjs-popup/-/reactjs-popup-1.3.2.tgz",
      "integrity": "sha512-BwfaOkKpLHNHxSmiMcX/yc61twJvjGbJ/SBE+fYovJudFlaZDYXGPSp+3dTCE0UoNsEqF8oc/pNkYlGgmrnsrw=="
    },
    "redux-sounds": {
      "version": "3.0.1",
      "resolved": "https://registry.npmjs.org/redux-sounds/-/redux-sounds-3.0.1.tgz",
      "integrity": "sha512-M/hDTfv9fa2lBv8oakcy+8k4rPqjCIAalwaV/02Z3aDm4aVulZuTpcsxdVpnqGVmebnILepV/z1QSidmKkxNrg==",
      "requires": {
        "howler": "2.0.15"
      },
      "dependencies": {
        "howler": {
          "version": "2.0.15",
          "resolved": "https://registry.npmjs.org/howler/-/howler-2.0.15.tgz",
          "integrity": "sha512-Ceui16WCAdBiRlI3cK/zPmp6eWKG4wU5yIYHtH+X4zPhwqbr2ieRQvt/1J60NCqEXFHuBKdzBrS5DRYkMwiQsg=="
        }
      }
    }
  }
}
